
Microsoft Visual Studio Solution File, Format Version 12.00
# Visual Studio Version 17
VisualStudioVersion = 17.12.35707.178 d17.12
MinimumVisualStudioVersion = 10.0.40219.1
Project("{FAE04EC0-301F-11D3-BF4B-00C04F79EFBC}") = "teste-api2", "teste-api2\teste-api2.csproj", "{233E3193-5FA3-4AC0-9D42-F85815E6751B}"
EndProject
Global
	GlobalSection(SolutionConfigurationPlatforms) = preSolution
		Debug|Any CPU = Debug|Any CPU
		Release|Any CPU = Release|Any CPU
	EndGlobalSection
	GlobalSection(ProjectConfigurationPlatforms) = postSolution
		{233E3193-5FA3-4AC0-9D42-F85815E6751B}.Debug|Any CPU.ActiveCfg = Debug|Any CPU
		{233E3193-5FA3-4AC0-9D42-F85815E6751B}.Debug|Any CPU.Build.0 = Debug|Any CPU
		{233E3193-5FA3-4AC0-9D42-F85815E6751B}.Release|Any CPU.ActiveCfg = Release|Any CPU
		{233E3193-5FA3-4AC0-9D42-F85815E6751B}.Release|Any CPU.Build.0 = Release|Any CPU
	EndGlobalSection
	GlobalSection(SolutionProperties) = preSolution
		HideSolutionNode = FALSE
	EndGlobalSection
EndGlobal
